{
  "name": "@brobridge/atomic-file",
  "version": "0.0.1",
  "lockfileVersion": 3,
  "requires": true,
  "packages": {
    "": {
      "name": "@brobridge/atomic-file",
      "version": "0.0.1",
      "license": "APL",
      "dependencies": {
        "@brobridge/atomic-flowcontrol": "^0.0.1",
        "@brobridge/atomic-sdk": "^0.0.2",
        "iconv-lite": "^0.6.3"
      },
      "engines": {
        "node": ">=18"
      }
    },
    "node_modules/@brobridge/atomic-flowcontrol": {
      "version": "0.0.1",
      "resolved": "https://registry.npmjs.org/@brobridge/atomic-flowcontrol/-/atomic-flowcontrol-0.0.1.tgz",
      "integrity": "sha512-MHjdHOzedVIlwtk/Pi5g4/E+hJn/P4tA3LiwTp5YDGdVofFhSNbE7+knSBMOcEh0e5ApQJYLoGnDCC/mPg8fQg==",
      "engines": {
        "node": ">=18"
      }
    },
    "node_modules/@brobridge/atomic-sdk": {
      "version": "0.0.2",
      "resolved": "https://registry.npmjs.org/@brobridge/atomic-sdk/-/atomic-sdk-0.0.2.tgz",
      "integrity": "sha512-cWQ1rEFYz9qwoWEhMN29er2bji89+FQdU+S/dT76z4Rh+kBeBXh0qXUbJA/eImmTMIqW65XTOMAwUfZNSsS7EA=="
    },
    "node_modules/iconv-lite": {
      "version": "0.6.3",
      "resolved": "https://registry.npmjs.org/iconv-lite/-/iconv-lite-0.6.3.tgz",
      "integrity": "sha512-4fCk79wshMdzMp2rH06qWrJE4iolqLhCUH+OiuIgU++RB0+94NlDL81atO7GX55uUKueo0txHNtvEyI6D7WdMw==",
      "dependencies": {
        "safer-buffer": ">= 2.1.2 < 3.0.0"
      },
      "engines": {
        "node": ">=0.10.0"
      }
    },
    "node_modules/safer-buffer": {
      "version": "2.1.2",
      "resolved": "https://registry.npmjs.org/safer-buffer/-/safer-buffer-2.1.2.tgz",
      "integrity": "sha512-YZo3K82SD7Riyi0E1EQPojLz7kpepnSQI9IyPbHHg1XXXevb5dJI7tpyN2ADxGcQbHG7vcyRHk0cbwqcQriUtg=="
    }
  }
}
